// !$*UTF8*$!
{
	archiveVersion = 1;
	classes = {
	};
	objectVersion = 50;
	objects = {

/* Begin PBXBuildFile section */
		82C733B8266DE55200AA4316 /* FilterView.swift in Sources */ = {isa = PBXBuildFile; fileRef = 82C733B7266DE55200AA4316 /* FilterView.swift */; };
		82C733BA266E0BCA00AA4316 /* ToggleButton.swift in Sources */ = {isa = PBXBuildFile; fileRef = 82C733B9266E0BCA00AA4316 /* ToggleButton.swift */; };
		82C733C7266F453100AA4316 /* TasksViewModelTests.swift in Sources */ = {isa = PBXBuildFile; fileRef = 82C733C6266F453100AA4316 /* TasksViewModelTests.swift */; };
		82C733CA266FA33700AA4316 /* NetworkMonitor.swift in Sources */ = {isa = PBXBuildFile; fileRef = 82C733C9266FA33700AA4316 /* NetworkMonitor.swift */; };
		82FCC376266BB04F0047AA63 /* TasksApp.swift in Sources */ = {isa = PBXBuildFile; fileRef = 82FCC375266BB04F0047AA63 /* TasksApp.swift */; };
		82FCC378266BB04F0047AA63 /* TasksView.swift in Sources */ = {isa = PBXBuildFile; fileRef = 82FCC377266BB04F0047AA63 /* TasksView.swift */; };
		82FCC37A266BB0500047AA63 /* Assets.xcassets in Resources */ = {isa = PBXBuildFile; fileRef = 82FCC379266BB0500047AA63 /* Assets.xcassets */; };
		82FCC37D266BB0500047AA63 /* Preview Assets.xcassets in Resources */ = {isa = PBXBuildFile; fileRef = 82FCC37C266BB0500047AA63 /* Preview Assets.xcassets */; };
		82FCC37F266BB0500047AA63 /* Persistence.swift in Sources */ = {isa = PBXBuildFile; fileRef = 82FCC37E266BB0500047AA63 /* Persistence.swift */; };
		82FCC382266BB0500047AA63 /* Tasks.xcdatamodeld in Sources */ = {isa = PBXBuildFile; fileRef = 82FCC380266BB0500047AA63 /* Tasks.xcdatamodeld */; };
		82FCC398266BB0500047AA63 /* TasksUITests.swift in Sources */ = {isa = PBXBuildFile; fileRef = 82FCC397266BB0500047AA63 /* TasksUITests.swift */; };
		82FCC3A7266BBF850047AA63 /* TasksViewModel.swift in Sources */ = {isa = PBXBuildFile; fileRef = 82FCC3A6266BBF850047AA63 /* TasksViewModel.swift */; };
		82FCC3AB266BC74B0047AA63 /* TaskCell.swift in Sources */ = {isa = PBXBuildFile; fileRef = 82FCC3AA266BC74B0047AA63 /* TaskCell.swift */; };
		82FCC3AF266BE7410047AA63 /* OfflineBanner.swift in Sources */ = {isa = PBXBuildFile; fileRef = 82FCC3AE266BE7410047AA63 /* OfflineBanner.swift */; };
		82FCC3B1266C10D30047AA63 /* TasksService.swift in Sources */ = {isa = PBXBuildFile; fileRef = 82FCC3B0266C10D30047AA63 /* TasksService.swift */; };
		82FCC3B6266CA7940047AA63 /* Task+CoreDataClass.swift in Sources */ = {isa = PBXBuildFile; fileRef = 82FCC3B4266CA7940047AA63 /* Task+CoreDataClass.swift */; };
		82FCC3BB266D33B00047AA63 /* TasksWebRepository.swift in Sources */ = {isa = PBXBuildFile; fileRef = 82FCC3BA266D33B00047AA63 /* TasksWebRepository.swift */; };
		82FCC3BD266D33C50047AA63 /* TasksDBRepository.swift in Sources */ = {isa = PBXBuildFile; fileRef = 82FCC3BC266D33C50047AA63 /* TasksDBRepository.swift */; };
/* End PBXBuildFile section */

/* Begin PBXContainerItemProxy section */
		82FCC389266BB0500047AA63 /* PBXContainerItemProxy */ = {
			isa = PBXContainerItemProxy;
			containerPortal = 82FCC36A266BB04F0047AA63 /* Project object */;
			proxyType = 1;
			remoteGlobalIDString = 82FCC371266BB04F0047AA63;
			remoteInfo = Tasks;
		};
		82FCC394266BB0500047AA63 /* PBXContainerItemProxy */ = {
			isa = PBXContainerItemProxy;
			containerPortal = 82FCC36A266BB04F0047AA63 /* Project object */;
			proxyType = 1;
			remoteGlobalIDString = 82FCC371266BB04F0047AA63;
			remoteInfo = Tasks;
		};
/* End PBXContainerItemProxy section */

/* Begin PBXFileReference section */
		82C733B7266DE55200AA4316 /* FilterView.swift */ = {isa = PBXFileReference; lastKnownFileType = sourcecode.swift; path = FilterView.swift; sourceTree = "<group>"; };
		82C733B9266E0BCA00AA4316 /* ToggleButton.swift */ = {isa = PBXFileReference; lastKnownFileType = sourcecode.swift; path = ToggleButton.swift; sourceTree = "<group>"; };
		82C733C6266F453100AA4316 /* TasksViewModelTests.swift */ = {isa = PBXFileReference; lastKnownFileType = sourcecode.swift; path = TasksViewModelTests.swift; sourceTree = "<group>"; };
		82C733C9266FA33700AA4316 /* NetworkMonitor.swift */ = {isa = PBXFileReference; lastKnownFileType = sourcecode.swift; path = NetworkMonitor.swift; sourceTree = "<group>"; };
		82FCC372266BB04F0047AA63 /* Tasks.app */ = {isa = PBXFileReference; explicitFileType = wrapper.application; includeInIndex = 0; path = Tasks.app; sourceTree = BUILT_PRODUCTS_DIR; };
		82FCC375266BB04F0047AA63 /* TasksApp.swift */ = {isa = PBXFileReference; lastKnownFileType = sourcecode.swift; path = TasksApp.swift; sourceTree = "<group>"; };
		82FCC377266BB04F0047AA63 /* TasksView.swift */ = {isa = PBXFileReference; lastKnownFileType = sourcecode.swift; path = TasksView.swift; sourceTree = "<group>"; };
		82FCC379266BB0500047AA63 /* Assets.xcassets */ = {isa = PBXFileReference; lastKnownFileType = folder.assetcatalog; path = Assets.xcassets; sourceTree = "<group>"; };
		82FCC37C266BB0500047AA63 /* Preview Assets.xcassets */ = {isa = PBXFileReference; lastKnownFileType = folder.assetcatalog; path = "Preview Assets.xcassets"; sourceTree = "<group>"; };
		82FCC37E266BB0500047AA63 /* Persistence.swift */ = {isa = PBXFileReference; lastKnownFileType = sourcecode.swift; path = Persistence.swift; sourceTree = "<group>"; };
		82FCC381266BB0500047AA63 /* Tasks.xcdatamodel */ = {isa = PBXFileReference; lastKnownFileType = wrapper.xcdatamodel; path = Tasks.xcdatamodel; sourceTree = "<group>"; };
		82FCC383266BB0500047AA63 /* Info.plist */ = {isa = PBXFileReference; lastKnownFileType = text.plist.xml; path = Info.plist; sourceTree = "<group>"; };
		82FCC388266BB0500047AA63 /* TasksTests.xctest */ = {isa = PBXFileReference; explicitFileType = wrapper.cfbundle; includeInIndex = 0; path = TasksTests.xctest; sourceTree = BUILT_PRODUCTS_DIR; };
		82FCC38E266BB0500047AA63 /* Info.plist */ = {isa = PBXFileReference; lastKnownFileType = text.plist.xml; path = Info.plist; sourceTree = "<group>"; };
		82FCC393266BB0500047AA63 /* TasksUITests.xctest */ = {isa = PBXFileReference; explicitFileType = wrapper.cfbundle; includeInIndex = 0; path = TasksUITests.xctest; sourceTree = BUILT_PRODUCTS_DIR; };
		82FCC397266BB0500047AA63 /* TasksUITests.swift */ = {isa = PBXFileReference; lastKnownFileType = sourcecode.swift; path = TasksUITests.swift; sourceTree = "<group>"; };
		82FCC399266BB0500047AA63 /* Info.plist */ = {isa = PBXFileReference; lastKnownFileType = text.plist.xml; path = Info.plist; sourceTree = "<group>"; };
		82FCC3A6266BBF850047AA63 /* TasksViewModel.swift */ = {isa = PBXFileReference; lastKnownFileType = sourcecode.swift; path = TasksViewModel.swift; sourceTree = "<group>"; };
		82FCC3AA266BC74B0047AA63 /* TaskCell.swift */ = {isa = PBXFileReference; lastKnownFileType = sourcecode.swift; path = TaskCell.swift; sourceTree = "<group>"; };
		82FCC3AE266BE7410047AA63 /* OfflineBanner.swift */ = {isa = PBXFileReference; lastKnownFileType = sourcecode.swift; path = OfflineBanner.swift; sourceTree = "<group>"; };
		82FCC3B0266C10D30047AA63 /* TasksService.swift */ = {isa = PBXFileReference; lastKnownFileType = sourcecode.swift; path = TasksService.swift; sourceTree = "<group>"; };
		82FCC3B4266CA7940047AA63 /* Task+CoreDataClass.swift */ = {isa = PBXFileReference; lastKnownFileType = sourcecode.swift; path = "Task+CoreDataClass.swift"; sourceTree = "<group>"; };
		82FCC3BA266D33B00047AA63 /* TasksWebRepository.swift */ = {isa = PBXFileReference; lastKnownFileType = sourcecode.swift; path = TasksWebRepository.swift; sourceTree = "<group>"; };
		82FCC3BC266D33C50047AA63 /* TasksDBRepository.swift */ = {isa = PBXFileReference; lastKnownFileType = sourcecode.swift; path = TasksDBRepository.swift; sourceTree = "<group>"; };
/* End PBXFileReference section */

/* Begin PBXFrameworksBuildPhase section */
		82FCC36F266BB04F0047AA63 /* Frameworks */ = {
			isa = PBXFrameworksBuildPhase;
			buildActionMask = 2147483647;
			files = (
			);
			runOnlyForDeploymentPostprocessing = 0;
		};
		82FCC385266BB0500047AA63 /* Frameworks */ = {
			isa = PBXFrameworksBuildPhase;
			buildActionMask = 2147483647;
			files = (
			);
			runOnlyForDeploymentPostprocessing = 0;
		};
		82FCC390266BB0500047AA63 /* Frameworks */ = {
			isa = PBXFrameworksBuildPhase;
			buildActionMask = 2147483647;
			files = (
			);
			runOnlyForDeploymentPostprocessing = 0;
		};
/* End PBXFrameworksBuildPhase section */

/* Begin PBXGroup section */
		82C733BB266E503000AA4316 /* UI */ = {
			isa = PBXGroup;
			children = (
				82C733BC266E506700AA4316 /* Screens */,
				82C733BD266E507100AA4316 /* Components */,
			);
			path = UI;
			sourceTree = "<group>";
		};
		82C733BC266E506700AA4316 /* Screens */ = {
			isa = PBXGroup;
			children = (
				82FCC377266BB04F0047AA63 /* TasksView.swift */,
				82FCC3A6266BBF850047AA63 /* TasksViewModel.swift */,
			);
			path = Screens;
			sourceTree = "<group>";
		};
		82C733BD266E507100AA4316 /* Components */ = {
			isa = PBXGroup;
			children = (
				82FCC3AA266BC74B0047AA63 /* TaskCell.swift */,
				82FCC3AE266BE7410047AA63 /* OfflineBanner.swift */,
				82C733B7266DE55200AA4316 /* FilterView.swift */,
				82C733B9266E0BCA00AA4316 /* ToggleButton.swift */,
			);
			path = Components;
			sourceTree = "<group>";
		};
		82C733BE266E50D600AA4316 /* Services */ = {
			isa = PBXGroup;
			children = (
				82FCC3B0266C10D30047AA63 /* TasksService.swift */,
			);
			path = Services;
			sourceTree = "<group>";
		};
		82C733BF266E50EF00AA4316 /* Repositories */ = {
			isa = PBXGroup;
			children = (
				82FCC3BA266D33B00047AA63 /* TasksWebRepository.swift */,
				82FCC3BC266D33C50047AA63 /* TasksDBRepository.swift */,
			);
			path = Repositories;
			sourceTree = "<group>";
		};
		82C733C0266E513600AA4316 /* System */ = {
			isa = PBXGroup;
			children = (
				82FCC375266BB04F0047AA63 /* TasksApp.swift */,
			);
			path = System;
			sourceTree = "<group>";
		};
		82C733C1266E515700AA4316 /* Persistence */ = {
			isa = PBXGroup;
			children = (
				82FCC380266BB0500047AA63 /* Tasks.xcdatamodeld */,
				82FCC37E266BB0500047AA63 /* Persistence.swift */,
			);
			path = Persistence;
			sourceTree = "<group>";
		};
		82C733C2266E518600AA4316 /* Models */ = {
			isa = PBXGroup;
			children = (
				82FCC3B4266CA7940047AA63 /* Task+CoreDataClass.swift */,
			);
			path = Models;
			sourceTree = "<group>";
		};
		82C733C3266E51DC00AA4316 /* Resources */ = {
			isa = PBXGroup;
			children = (
				82FCC379266BB0500047AA63 /* Assets.xcassets */,
			);
			path = Resources;
			sourceTree = "<group>";
		};
		82C733C8266FA28F00AA4316 /* Utilities */ = {
			isa = PBXGroup;
			children = (
				82C733C9266FA33700AA4316 /* NetworkMonitor.swift */,
			);
			path = Utilities;
			sourceTree = "<group>";
		};
		82FCC369266BB04F0047AA63 = {
			isa = PBXGroup;
			children = (
				82FCC374266BB04F0047AA63 /* Tasks */,
				82FCC38B266BB0500047AA63 /* TasksTests */,
				82FCC396266BB0500047AA63 /* TasksUITests */,
				82FCC373266BB04F0047AA63 /* Products */,
			);
			sourceTree = "<group>";
		};
		82FCC373266BB04F0047AA63 /* Products */ = {
			isa = PBXGroup;
			children = (
				82FCC372266BB04F0047AA63 /* Tasks.app */,
				82FCC388266BB0500047AA63 /* TasksTests.xctest */,
				82FCC393266BB0500047AA63 /* TasksUITests.xctest */,
			);
			name = Products;
			sourceTree = "<group>";
		};
		82FCC374266BB04F0047AA63 /* Tasks */ = {
			isa = PBXGroup;
			children = (
				82C733C0266E513600AA4316 /* System */,
				82C733C8266FA28F00AA4316 /* Utilities */,
				82C733C1266E515700AA4316 /* Persistence */,
				82C733BB266E503000AA4316 /* UI */,
				82C733BE266E50D600AA4316 /* Services */,
				82C733BF266E50EF00AA4316 /* Repositories */,
				82C733C2266E518600AA4316 /* Models */,
				82C733C3266E51DC00AA4316 /* Resources */,
				82FCC37B266BB0500047AA63 /* Preview Content */,
				82FCC383266BB0500047AA63 /* Info.plist */,
			);
			path = Tasks;
			sourceTree = "<group>";
		};
		82FCC37B266BB0500047AA63 /* Preview Content */ = {
			isa = PBXGroup;
			children = (
				82FCC37C266BB0500047AA63 /* Preview Assets.xcassets */,
			);
			path = "Preview Content";
			sourceTree = "<group>";
		};
		82FCC38B266BB0500047AA63 /* TasksTests */ = {
			isa = PBXGroup;
			children = (
				82FCC38E266BB0500047AA63 /* Info.plist */,
				82C733C6266F453100AA4316 /* TasksViewModelTests.swift */,
			);
			path = TasksTests;
			sourceTree = "<group>";
		};
		82FCC396266BB0500047AA63 /* TasksUITests */ = {
			isa = PBXGroup;
			children = (
				82FCC397266BB0500047AA63 /* TasksUITests.swift */,
				82FCC399266BB0500047AA63 /* Info.plist */,
			);
			path = TasksUITests;
			sourceTree = "<group>";
		};
/* End PBXGroup section */

/* Begin PBXNativeTarget section */
		82FCC371266BB04F0047AA63 /* Tasks */ = {
			isa = PBXNativeTarget;
			buildConfigurationList = 82FCC39C266BB0500047AA63 /* Build configuration list for PBXNativeTarget "Tasks" */;
			buildPhases = (
				82FCC36E266BB04F0047AA63 /* Sources */,
				82FCC36F266BB04F0047AA63 /* Frameworks */,
				82FCC370266BB04F0047AA63 /* Resources */,
			);
			buildRules = (
			);
			dependencies = (
			);
			name = Tasks;
			productName = Tasks;
			productReference = 82FCC372266BB04F0047AA63 /* Tasks.app */;
			productType = "com.apple.product-type.application";
		};
		82FCC387266BB0500047AA63 /* TasksTests */ = {
			isa = PBXNativeTarget;
			buildConfigurationList = 82FCC39F266BB0500047AA63 /* Build configuration list for PBXNativeTarget "TasksTests" */;
			buildPhases = (
				82FCC384266BB0500047AA63 /* Sources */,
				82FCC385266BB0500047AA63 /* Frameworks */,
				82FCC386266BB0500047AA63 /* Resources */,
			);
			buildRules = (
			);
			dependencies = (
				82FCC38A266BB0500047AA63 /* PBXTargetDependency */,
			);
			name = TasksTests;
			productName = TasksTests;
			productReference = 82FCC388266BB0500047AA63 /* TasksTests.xctest */;
			productType = "com.apple.product-type.bundle.unit-test";
		};
		82FCC392266BB0500047AA63 /* TasksUITests */ = {
			isa = PBXNativeTarget;
			buildConfigurationList = 82FCC3A2266BB0500047AA63 /* Build configuration list for PBXNativeTarget "TasksUITests" */;
			buildPhases = (
				82FCC38F266BB0500047AA63 /* Sources */,
				82FCC390266BB0500047AA63 /* Frameworks */,
				82FCC391266BB0500047AA63 /* Resources */,
			);
			buildRules = (
			);
			dependencies = (
				82FCC395266BB0500047AA63 /* PBXTargetDependency */,
			);
			name = TasksUITests;
			productName = TasksUITests;
			productReference = 82FCC393266BB0500047AA63 /* TasksUITests.xctest */;
			productType = "com.apple.product-type.bundle.ui-testing";
		};
/* End PBXNativeTarget section */

/* Begin PBXProject section */
		82FCC36A266BB04F0047AA63 /* Project object */ = {
			isa = PBXProject;
			attributes = {
				LastSwiftUpdateCheck = 1250;
				LastUpgradeCheck = 1250;
				TargetAttributes = {
					82FCC371266BB04F0047AA63 = {
						CreatedOnToolsVersion = 12.5;
					};
					82FCC387266BB0500047AA63 = {
						CreatedOnToolsVersion = 12.5;
						TestTargetID = 82FCC371266BB04F0047AA63;
					};
					82FCC392266BB0500047AA63 = {
						CreatedOnToolsVersion = 12.5;
						TestTargetID = 82FCC371266BB04F0047AA63;
					};
				};
			};
			buildConfigurationList = 82FCC36D266BB04F0047AA63 /* Build configuration list for PBXProject "Tasks" */;
			compatibilityVersion = "Xcode 9.3";
			developmentRegion = en;
			hasScannedForEncodings = 0;
			knownRegions = (
				en,
				Base,
			);
			mainGroup = 82FCC369266BB04F0047AA63;
			productRefGroup = 82FCC373266BB04F0047AA63 /* Products */;
			projectDirPath = "";
			projectRoot = "";
			targets = (
				82FCC371266BB04F0047AA63 /* Tasks */,
				82FCC387266BB0500047AA63 /* TasksTests */,
				82FCC392266BB0500047AA63 /* TasksUITests */,
			);
		};
/* End PBXProject section */

/* Begin PBXResourcesBuildPhase section */
		82FCC370266BB04F0047AA63 /* Resources */ = {
			isa = PBXResourcesBuildPhase;
			buildActionMask = 2147483647;
			files = (
				82FCC37D266BB0500047AA63 /* Preview Assets.xcassets in Resources */,
				82FCC37A266BB0500047AA63 /* Assets.xcassets in Resources */,
			);
			runOnlyForDeploymentPostprocessing = 0;
		};
		82FCC386266BB0500047AA63 /* Resources */ = {
			isa = PBXResourcesBuildPhase;
			buildActionMask = 2147483647;
			files = (
			);
			runOnlyForDeploymentPostprocessing = 0;
		};
		82FCC391266BB0500047AA63 /* Resources */ = {
			isa = PBXResourcesBuildPhase;
			buildActionMask = 2147483647;
			files = (
			);
			runOnlyForDeploymentPostprocessing = 0;
		};
/* End PBXResourcesBuildPhase section */

/* Begin PBXSourcesBuildPhase section */
		82FCC36E266BB04F0047AA63 /* Sources */ = {
			isa = PBXSourcesBuildPhase;
			buildActionMask = 2147483647;
			files = (
				82C733B8266DE55200AA4316 /* FilterView.swift in Sources */,
				82FCC3BB266D33B00047AA63 /* TasksWebRepository.swift in Sources */,
				82FCC382266BB0500047AA63 /* Tasks.xcdatamodeld in Sources */,
				82FCC37F266BB0500047AA63 /* Persistence.swift in Sources */,
				82FCC378266BB04F0047AA63 /* TasksView.swift in Sources */,
				82FCC3B1266C10D30047AA63 /* TasksService.swift in Sources */,
				82C733CA266FA33700AA4316 /* NetworkMonitor.swift in Sources */,
				82C733BA266E0BCA00AA4316 /* ToggleButton.swift in Sources */,
				82FCC3BD266D33C50047AA63 /* TasksDBRepository.swift in Sources */,
				82FCC376266BB04F0047AA63 /* TasksApp.swift in Sources */,
				82FCC3AB266BC74B0047AA63 /* TaskCell.swift in Sources */,
				82FCC3B6266CA7940047AA63 /* Task+CoreDataClass.swift in Sources */,
				82FCC3A7266BBF850047AA63 /* TasksViewModel.swift in Sources */,
				82FCC3AF266BE7410047AA63 /* OfflineBanner.swift in Sources */,
			);
			runOnlyForDeploymentPostprocessing = 0;
		};
		82FCC384266BB0500047AA63 /* Sources */ = {
			isa = PBXSourcesBuildPhase;
			buildActionMask = 2147483647;
			files = (
				82C733C7266F453100AA4316 /* TasksViewModelTests.swift in Sources */,
			);
			runOnlyForDeploymentPostprocessing = 0;
		};
		82FCC38F266BB0500047AA63 /* Sources */ = {
			isa = PBXSourcesBuildPhase;
			buildActionMask = 2147483647;
			files = (
				82FCC398266BB0500047AA63 /* TasksUITests.swift in Sources */,
			);
			runOnlyForDeploymentPostprocessing = 0;
		};
/* End PBXSourcesBuildPhase section */

/* Begin PBXTargetDependency section */
		82FCC38A266BB0500047AA63 /* PBXTargetDependency */ = {
			isa = PBXTargetDependency;
			target = 82FCC371266BB04F0047AA63 /* Tasks */;
			targetProxy = 82FCC389266BB0500047AA63 /* PBXContainerItemProxy */;
		};
		82FCC395266BB0500047AA63 /* PBXTargetDependency */ = {
			isa = PBXTargetDependency;
			target = 82FCC371266BB04F0047AA63 /* Tasks */;
			targetProxy = 82FCC394266BB0500047AA63 /* PBXContainerItemProxy */;
		};
/* End PBXTargetDependency section */

/* Begin XCBuildConfiguration section */
		82FCC39A266BB0500047AA63 /* Debug */ = {
			isa = XCBuildConfiguration;
			buildSettings = {
				ALWAYS_SEARCH_USER_PATHS = NO;
				CLANG_ANALYZER_NONNULL = YES;
				CLANG_ANALYZER_NUMBER_OBJECT_CONVERSION = YES_AGGRESSIVE;
				CLANG_CXX_LANGUAGE_STANDARD = "gnu++14";
				CLANG_CXX_LIBRARY = "libc++";
				CLANG_ENABLE_MODULES = YES;
				CLANG_ENABLE_OBJC_ARC = YES;
				CLANG_ENABLE_OBJC_WEAK = YES;
				CLANG_WARN_BLOCK_CAPTURE_AUTORELEASING = YES;
				CLANG_WARN_BOOL_CONVERSION = YES;
				CLANG_WARN_COMMA = YES;
				CLANG_WARN_CONSTANT_CONVERSION = YES;
				CLANG_WARN_DEPRECATED_OBJC_IMPLEMENTATIONS = YES;
				CLANG_WARN_DIRECT_OBJC_ISA_USAGE = YES_ERROR;
				CLANG_WARN_DOCUMENTATION_COMMENTS = YES;
				CLANG_WARN_EMPTY_BODY = YES;
				CLANG_WARN_ENUM_CONVERSION = YES;
				CLANG_WARN_INFINITE_RECURSION = YES;
				CLANG_WARN_INT_CONVERSION = YES;
				CLANG_WARN_NON_LITERAL_NULL_CONVERSION = YES;
				CLANG_WARN_OBJC_IMPLICIT_RETAIN_SELF = YES;
				CLANG_WARN_OBJC_LITERAL_CONVERSION = YES;
				CLANG_WARN_OBJC_ROOT_CLASS = YES_ERROR;
				CLANG_WARN_QUOTED_INCLUDE_IN_FRAMEWORK_HEADER = YES;
				CLANG_WARN_RANGE_LOOP_ANALYSIS = YES;
				CLANG_WARN_STRICT_PROTOTYPES = YES;
				CLANG_WARN_SUSPICIOUS_MOVE = YES;
				CLANG_WARN_UNGUARDED_AVAILABILITY = YES_AGGRESSIVE;
				CLANG_WARN_UNREACHABLE_CODE = YES;
				CLANG_WARN__DUPLICATE_METHOD_MATCH = YES;
				COPY_PHASE_STRIP = NO;
				DEBUG_INFORMATION_FORMAT = dwarf;
				ENABLE_STRICT_OBJC_MSGSEND = YES;
				ENABLE_TESTABILITY = YES;
				GCC_C_LANGUAGE_STANDARD = gnu11;
				GCC_DYNAMIC_NO_PIC = NO;
				GCC_NO_COMMON_BLOCKS = YES;
				GCC_OPTIMIZATION_LEVEL = 0;
				GCC_PREPROCESSOR_DEFINITIONS = (
					"DEBUG=1",
					"$(inherited)",
				);
				GCC_WARN_64_TO_32_BIT_CONVERSION = YES;
				GCC_WARN_ABOUT_RETURN_TYPE = YES_ERROR;
				GCC_WARN_UNDECLARED_SELECTOR = YES;
				GCC_WARN_UNINITIALIZED_AUTOS = YES_AGGRESSIVE;
				GCC_WARN_UNUSED_FUNCTION = YES;
				GCC_WARN_UNUSED_VARIABLE = YES;
				IPHONEOS_DEPLOYMENT_TARGET = 14.3;
				MTL_ENABLE_DEBUG_INFO = INCLUDE_SOURCE;
				MTL_FAST_MATH = YES;
				ONLY_ACTIVE_ARCH = YES;
				SDKROOT = iphoneos;
				SWIFT_ACTIVE_COMPILATION_CONDITIONS = DEBUG;
				SWIFT_OPTIMIZATION_LEVEL = "-Onone";
			};
			name = Debug;
		};
		82FCC39B266BB0500047AA63 /* Release */ = {
			isa = XCBuildConfiguration;
			buildSettings = {
				ALWAYS_SEARCH_USER_PATHS = NO;
				CLANG_ANALYZER_NONNULL = YES;
				CLANG_ANALYZER_NUMBER_OBJECT_CONVERSION = YES_AGGRESSIVE;
				CLANG_CXX_LANGUAGE_STANDARD = "gnu++14";
				CLANG_CXX_LIBRARY = "libc++";
				CLANG_ENABLE_MODULES = YES;
				CLANG_ENABLE_OBJC_ARC = YES;
				CLANG_ENABLE_OBJC_WEAK = YES;
				CLANG_WARN_BLOCK_CAPTURE_AUTORELEASING = YES;
				CLANG_WARN_BOOL_CONVERSION = YES;
				CLANG_WARN_COMMA = YES;
				CLANG_WARN_CONSTANT_CONVERSION = YES;
				CLANG_WARN_DEPRECATED_OBJC_IMPLEMENTATIONS = YES;
				CLANG_WARN_DIRECT_OBJC_ISA_USAGE = YES_ERROR;
				CLANG_WARN_DOCUMENTATION_COMMENTS = YES;
				CLANG_WARN_EMPTY_BODY = YES;
				CLANG_WARN_ENUM_CONVERSION = YES;
				CLANG_WARN_INFINITE_RECURSION = YES;
				CLANG_WARN_INT_CONVERSION = YES;
				CLANG_WARN_NON_LITERAL_NULL_CONVERSION = YES;
				CLANG_WARN_OBJC_IMPLICIT_RETAIN_SELF = YES;
				CLANG_WARN_OBJC_LITERAL_CONVERSION = YES;
				CLANG_WARN_OBJC_ROOT_CLASS = YES_ERROR;
				CLANG_WARN_QUOTED_INCLUDE_IN_FRAMEWORK_HEADER = YES;
				CLANG_WARN_RANGE_LOOP_ANALYSIS = YES;
				CLANG_WARN_STRICT_PROTOTYPES = YES;
				CLANG_WARN_SUSPICIOUS_MOVE = YES;
				CLANG_WARN_UNGUARDED_AVAILABILITY = YES_AGGRESSIVE;
				CLANG_WARN_UNREACHABLE_CODE = YES;
				CLANG_WARN__DUPLICATE_METHOD_MATCH = YES;
				COPY_PHASE_STRIP = NO;
				DEBUG_INFORMATION_FORMAT = "dwarf-with-dsym";
				ENABLE_NS_ASSERTIONS = NO;
				ENABLE_STRICT_OBJC_MSGSEND = YES;
				GCC_C_LANGUAGE_STANDARD = gnu11;
				GCC_NO_COMMON_BLOCKS = YES;
				GCC_WARN_64_TO_32_BIT_CONVERSION = YES;
				GCC_WARN_ABOUT_RETURN_TYPE = YES_ERROR;
				GCC_WARN_UNDECLARED_SELECTOR = YES;
				GCC_WARN_UNINITIALIZED_AUTOS = YES_AGGRESSIVE;
				GCC_WARN_UNUSED_FUNCTION = YES;
				GCC_WARN_UNUSED_VARIABLE = YES;
				IPHONEOS_DEPLOYMENT_TARGET = 14.3;
				MTL_ENABLE_DEBUG_INFO = NO;
				MTL_FAST_MATH = YES;
				SDKROOT = iphoneos;
				SWIFT_COMPILATION_MODE = wholemodule;
				SWIFT_OPTIMIZATION_LEVEL = "-O";
				VALIDATE_PRODUCT = YES;
			};
			name = Release;
		};
		82FCC39D266BB0500047AA63 /* Debug */ = {
			isa = XCBuildConfiguration;
			buildSettings = {
				ASSETCATALOG_COMPILER_APPICON_NAME = AppIcon;
				ASSETCATALOG_COMPILER_GLOBAL_ACCENT_COLOR_NAME = AccentColor;
				CODE_SIGN_STYLE = Automatic;
				DEVELOPMENT_ASSET_PATHS = "\"Tasks/Preview Content\"";
				DEVELOPMENT_TEAM = 25D7KD9MUV;
				ENABLE_PREVIEWS = YES;
				INFOPLIST_FILE = Tasks/Info.plist;
				IPHONEOS_DEPLOYMENT_TARGET = 14.0;
				LD_RUNPATH_SEARCH_PATHS = (
					"$(inherited)",
					"@executable_path/Frameworks",
				);
				PRODUCT_BUNDLE_IDENTIFIER = com.albatrossapps.Tasks;
				PRODUCT_NAME = "$(TARGET_NAME)";
				SWIFT_VERSION = 5.0;
				TARGETED_DEVICE_FAMILY = "1,2";
			};
			name = Debug;
		};
		82FCC39E266BB0500047AA63 /* Release */ = {
			isa = XCBuildConfiguration;
			buildSettings = {
				ASSETCATALOG_COMPILER_APPICON_NAME = AppIcon;
				ASSETCATALOG_COMPILER_GLOBAL_ACCENT_COLOR_NAME = AccentColor;
				CODE_SIGN_STYLE = Automatic;
				DEVELOPMENT_ASSET_PATHS = "\"Tasks/Preview Content\"";
				DEVELOPMENT_TEAM = 25D7KD9MUV;
				ENABLE_PREVIEWS = YES;
				INFOPLIST_FILE = Tasks/Info.plist;
				IPHONEOS_DEPLOYMENT_TARGET = 14.0;
				LD_RUNPATH_SEARCH_PATHS = (
					"$(inherited)",
					"@executable_path/Frameworks",
				);
				PRODUCT_BUNDLE_IDENTIFIER = com.albatrossapps.Tasks;
				PRODUCT_NAME = "$(TARGET_NAME)";
				SWIFT_VERSION = 5.0;
				TARGETED_DEVICE_FAMILY = "1,2";
			};
			name = Release;
		};
		82FCC3A0266BB0500047AA63 /* Debug */ = {
			isa = XCBuildConfiguration;
			buildSettings = {
				ALWAYS_EMBED_SWIFT_STANDARD_LIBRARIES = YES;
				BUNDLE_LOADER = "$(TEST_HOST)";
				CODE_SIGN_STYLE = Automatic;
				DEVELOPMENT_TEAM = 25D7KD9MUV;
				INFOPLIST_FILE = TasksTests/Info.plist;
				IPHONEOS_DEPLOYMENT_TARGET = 14.0;
				LD_RUNPATH_SEARCH_PATHS = (
					"$(inherited)",
					"@executable_path/Frameworks",
					"@loader_path/Frameworks",
				);
				PRODUCT_BUNDLE_IDENTIFIER = com.albatrossapps.TasksTests;
				PRODUCT_NAME = "$(TARGET_NAME)";
				SWIFT_VERSION = 5.0;
				TARGETED_DEVICE_FAMILY = "1,2";
				TEST_HOST = "$(BUILT_PRODUCTS_DIR)/Tasks.app/Tasks";
			};
			name = Debug;
		};
		82FCC3A1266BB0500047AA63 /* Release */ = {
			isa = XCBuildConfiguration;
			buildSettings = {
				ALWAYS_EMBED_SWIFT_STANDARD_LIBRARIES = YES;
				BUNDLE_LOADER = "$(TEST_HOST)";
				CODE_SIGN_STYLE = Automatic;
				DEVELOPMENT_TEAM = 25D7KD9MUV;
				INFOPLIST_FILE = TasksTests/Info.plist;
				IPHONEOS_DEPLOYMENT_TARGET = 14.0;
				LD_RUNPATH_SEARCH_PATHS = (
					"$(inherited)",
					"@executable_path/Frameworks",
					"@loader_path/Frameworks",
				);
				PRODUCT_BUNDLE_IDENTIFIER = com.albatrossapps.TasksTests;
				PRODUCT_NAME = "$(TARGET_NAME)";
				SWIFT_VERSION = 5.0;
				TARGETED_DEVICE_FAMILY = "1,2";
				TEST_HOST = "$(BUILT_PRODUCTS_DIR)/Tasks.app/Tasks";
			};
			name = Release;
		};
		82FCC3A3266BB0500047AA63 /* Debug */ = {
			isa = XCBuildConfiguration;
			buildSettings = {
				ALWAYS_EMBED_SWIFT_STANDARD_LIBRARIES = YES;
				CODE_SIGN_STYLE = Automatic;
				DEVELOPMENT_TEAM = 25D7KD9MUV;
				INFOPLIST_FILE = TasksUITests/Info.plist;
				LD_RUNPATH_SEARCH_PATHS = (
					"$(inherited)",
					"@executable_path/Frameworks",
					"@loader_path/Frameworks",
				);
				PRODUCT_BUNDLE_IDENTIFIER = com.albatrossapps.TasksUITests;
				PRODUCT_NAME = "$(TARGET_NAME)";
				SWIFT_VERSION = 5.0;
				TARGETED_DEVICE_FAMILY = "1,2";
				TEST_TARGET_NAME = Tasks;
			};
			name = Debug;
		};
		82FCC3A4266BB0500047AA63 /* Release */ = {
			isa = XCBuildConfiguration;
			buildSettings = {
				ALWAYS_EMBED_SWIFT_STANDARD_LIBRARIES = YES;
				CODE_SIGN_STYLE = Automatic;
				DEVELOPMENT_TEAM = 25D7KD9MUV;
				INFOPLIST_FILE = TasksUITests/Info.plist;
				LD_RUNPATH_SEARCH_PATHS = (
					"$(inherited)",
					"@executable_path/Frameworks",
					"@loader_path/Frameworks",
				);
				PRODUCT_BUNDLE_IDENTIFIER = com.albatrossapps.TasksUITests;
				PRODUCT_NAME = "$(TARGET_NAME)";
				SWIFT_VERSION = 5.0;
				TARGETED_DEVICE_FAMILY = "1,2";
				TEST_TARGET_NAME = Tasks;
			};
			name = Release;
		};
/* End XCBuildConfiguration section */

/* Begin XCConfigurationList section */
		82FCC36D266BB04F0047AA63 /* Build configuration list for PBXProject "Tasks" */ = {
			isa = XCConfigurationList;
			buildConfigurations = (
				82FCC39A266BB0500047AA63 /* Debug */,
				82FCC39B266BB0500047AA63 /* Release */,
			);
			defaultConfigurationIsVisible = 0;
			defaultConfigurationName = Release;
		};
		82FCC39C266BB0500047AA63 /* Build configuration list for PBXNativeTarget "Tasks" */ = {
			isa = XCConfigurationList;
			buildConfigurations = (
				82FCC39D266BB0500047AA63 /* Debug */,
				82FCC39E266BB0500047AA63 /* Release */,
			);
			defaultConfigurationIsVisible = 0;
			defaultConfigurationName = Release;
		};
		82FCC39F266BB0500047AA63 /* Build configuration list for PBXNativeTarget "TasksTests" */ = {
			isa = XCConfigurationList;
			buildConfigurations = (
				82FCC3A0266BB0500047AA63 /* Debug */,
				82FCC3A1266BB0500047AA63 /* Release */,
			);
			defaultConfigurationIsVisible = 0;
			defaultConfigurationName = Release;
		};
		82FCC3A2266BB0500047AA63 /* Build configuration list for PBXNativeTarget "TasksUITests" */ = {
			isa = XCConfigurationList;
			buildConfigurations = (
				82FCC3A3266BB0500047AA63 /* Debug */,
				82FCC3A4266BB0500047AA63 /* Release */,
			);
			defaultConfigurationIsVisible = 0;
			defaultConfigurationName = Release;
		};
/* End XCConfigurationList section */

/* Begin XCVersionGroup section */
		82FCC380266BB0500047AA63 /* Tasks.xcdatamodeld */ = {
			isa = XCVersionGroup;
			children = (
				82FCC381266BB0500047AA63 /* Tasks.xcdatamodel */,
			);
			currentVersion = 82FCC381266BB0500047AA63 /* Tasks.xcdatamodel */;
			path = Tasks.xcdatamodeld;
			sourceTree = "<group>";
			versionGroupType = wrapper.xcdatamodel;
		};
/* End XCVersionGroup section */
	};
	rootObject = 82FCC36A266BB04F0047AA63 /* Project object */;
}
